
Microsoft Visual Studio Solution File, Format Version 12.00
# Visual Studio Version 17
VisualStudioVersion = 17.0.32126.317
MinimumVisualStudioVersion = 10.0.40219.1
Project("{FAE04EC0-301F-11D3-BF4B-00C04F79EFBC}") = "WordAssistCLI", "WordAssistCLI\WordAssistCLI.csproj", "{34DF59F7-D6D9-454D-9251-CA527488BE7E}"
EndProject
Global
	GlobalSection(SolutionConfigurationPlatforms) = preSolution
		Debug|Any CPU = Debug|Any CPU
		Release|Any CPU = Release|Any CPU
	EndGlobalSection
	GlobalSection(ProjectConfigurationPlatforms) = postSolution
		{34DF59F7-D6D9-454D-9251-CA527488BE7E}.Debug|Any CPU.ActiveCfg = Debug|Any CPU
		{34DF59F7-D6D9-454D-9251-CA527488BE7E}.Debug|Any CPU.Build.0 = Debug|Any CPU
		{34DF59F7-D6D9-454D-9251-CA527488BE7E}.Release|Any CPU.ActiveCfg = Release|Any CPU
		{34DF59F7-D6D9-454D-9251-CA527488BE7E}.Release|Any CPU.Build.0 = Release|Any CPU
	EndGlobalSection
	GlobalSection(SolutionProperties) = preSolution
		HideSolutionNode = FALSE
	EndGlobalSection
	GlobalSection(ExtensibilityGlobals) = postSolution
		SolutionGuid = {AA8B2DC3-F1D6-45BC-9916-B92F2AA26F90}
	EndGlobalSection
EndGlobal
